{
  "name": "wexond",
  "version": "1.0.0",
  "lockfileVersion": 1,
  "requires": true,
  "dependencies": {
    "nersent-ui": {
      "version": "3.2.2",
      "resolved": "https://registry.npmjs.org/nersent-ui/-/nersent-ui-3.2.2.tgz",
      "integrity": "sha512-0SaZ7MIOolaBgAkMTP5c5a4m1mVdtrQZfyQa+/gMWQ6TqTifxzWDYt1n2l65277x85aNJtKYydopNmjlS02Tqw==",
      "dev": true
    }
  }
}
